// !$*UTF8*$!
{
	archiveVersion = 1;
	classes = {
	};
	objectVersion = 50;
	objects = {

/* Begin PBXBuildFile section */
		5152A75C20963F88001AF884 /* AppDelegate.swift in Sources */ = {isa = PBXBuildFile; fileRef = 5152A75B20963F88001AF884 /* AppDelegate.swift */; };
		5152A75E20963F89001AF884 /* CourseListViewController.swift in Sources */ = {isa = PBXBuildFile; fileRef = 5152A75D20963F89001AF884 /* CourseListViewController.swift */; };
		5152A76120963F89001AF884 /* Main.storyboard in Resources */ = {isa = PBXBuildFile; fileRef = 5152A75F20963F89001AF884 /* Main.storyboard */; };
		5152A76320963F8B001AF884 /* Assets.xcassets in Resources */ = {isa = PBXBuildFile; fileRef = 5152A76220963F8B001AF884 /* Assets.xcassets */; };
		5152A76620963F8B001AF884 /* LaunchScreen.storyboard in Resources */ = {isa = PBXBuildFile; fileRef = 5152A76420963F8B001AF884 /* LaunchScreen.storyboard */; };
		5152A76E20965321001AF884 /* Course.swift in Sources */ = {isa = PBXBuildFile; fileRef = 5152A76D20965321001AF884 /* Course.swift */; };
		5152A77020965998001AF884 /* CourseDetailViewController.swift in Sources */ = {isa = PBXBuildFile; fileRef = 5152A76F20965998001AF884 /* CourseDetailViewController.swift */; };
		5152A7722096611F001AF884 /* UIView+addBorder.swift in Sources */ = {isa = PBXBuildFile; fileRef = 5152A7712096611F001AF884 /* UIView+addBorder.swift */; };
		515D861A2096D8E000895376 /* GoogleService-Info.plist in Resources */ = {isa = PBXBuildFile; fileRef = 515D86192096D8DF00895376 /* GoogleService-Info.plist */; };
		515D861C2096F2D400895376 /* Photo.swift in Sources */ = {isa = PBXBuildFile; fileRef = 515D861B2096F2D400895376 /* Photo.swift */; };
		515D861E2096F47400895376 /* Photos.swift in Sources */ = {isa = PBXBuildFile; fileRef = 515D861D2096F47400895376 /* Photos.swift */; };
		515D86202096F66300895376 /* CoursePhotosCollectionViewCell.swift in Sources */ = {isa = PBXBuildFile; fileRef = 515D861F2096F66300895376 /* CoursePhotosCollectionViewCell.swift */; };
		D597E82287638D6208F83366 /* Pods_May_The_Course_Be_With_You.framework in Frameworks */ = {isa = PBXBuildFile; fileRef = 0C194CA578C56B56ED743825 /* Pods_May_The_Course_Be_With_You.framework */; };
/* End PBXBuildFile section */

/* Begin PBXFileReference section */
		0C194CA578C56B56ED743825 /* Pods_May_The_Course_Be_With_You.framework */ = {isa = PBXFileReference; explicitFileType = wrapper.framework; includeInIndex = 0; path = Pods_May_The_Course_Be_With_You.framework; sourceTree = BUILT_PRODUCTS_DIR; };
		5152A75820963F88001AF884 /* May The Course Be With You.app */ = {isa = PBXFileReference; explicitFileType = wrapper.application; includeInIndex = 0; path = "May The Course Be With You.app"; sourceTree = BUILT_PRODUCTS_DIR; };
		5152A75B20963F88001AF884 /* AppDelegate.swift */ = {isa = PBXFileReference; lastKnownFileType = sourcecode.swift; path = AppDelegate.swift; sourceTree = "<group>"; };
		5152A75D20963F89001AF884 /* CourseListViewController.swift */ = {isa = PBXFileReference; lastKnownFileType = sourcecode.swift; path = CourseListViewController.swift; sourceTree = "<group>"; };
		5152A76020963F89001AF884 /* Base */ = {isa = PBXFileReference; lastKnownFileType = file.storyboard; name = Base; path = Base.lproj/Main.storyboard; sourceTree = "<group>"; };
		5152A76220963F8B001AF884 /* Assets.xcassets */ = {isa = PBXFileReference; lastKnownFileType = folder.assetcatalog; path = Assets.xcassets; sourceTree = "<group>"; };
		5152A76520963F8B001AF884 /* Base */ = {isa = PBXFileReference; lastKnownFileType = file.storyboard; name = Base; path = Base.lproj/LaunchScreen.storyboard; sourceTree = "<group>"; };
		5152A76720963F8B001AF884 /* Info.plist */ = {isa = PBXFileReference; lastKnownFileType = text.plist.xml; path = Info.plist; sourceTree = "<group>"; };
		5152A76D20965321001AF884 /* Course.swift */ = {isa = PBXFileReference; lastKnownFileType = sourcecode.swift; path = Course.swift; sourceTree = "<group>"; };
		5152A76F20965998001AF884 /* CourseDetailViewController.swift */ = {isa = PBXFileReference; lastKnownFileType = sourcecode.swift; path = CourseDetailViewController.swift; sourceTree = "<group>"; };
		5152A7712096611F001AF884 /* UIView+addBorder.swift */ = {isa = PBXFileReference; lastKnownFileType = sourcecode.swift; path = "UIView+addBorder.swift"; sourceTree = "<group>"; };
		515D86192096D8DF00895376 /* GoogleService-Info.plist */ = {isa = PBXFileReference; fileEncoding = 4; lastKnownFileType = text.plist.xml; path = "GoogleService-Info.plist"; sourceTree = "<group>"; };
		515D861B2096F2D400895376 /* Photo.swift */ = {isa = PBXFileReference; lastKnownFileType = sourcecode.swift; path = Photo.swift; sourceTree = "<group>"; };
		515D861D2096F47400895376 /* Photos.swift */ = {isa = PBXFileReference; lastKnownFileType = sourcecode.swift; path = Photos.swift; sourceTree = "<group>"; };
		515D861F2096F66300895376 /* CoursePhotosCollectionViewCell.swift */ = {isa = PBXFileReference; lastKnownFileType = sourcecode.swift; path = CoursePhotosCollectionViewCell.swift; sourceTree = "<group>"; };
		77E25692C19AA017937237C2 /* Pods-May The Course Be With You.debug.xcconfig */ = {isa = PBXFileReference; includeInIndex = 1; lastKnownFileType = text.xcconfig; name = "Pods-May The Course Be With You.debug.xcconfig"; path = "Pods/Target Support Files/Pods-May The Course Be With You/Pods-May The Course Be With You.debug.xcconfig"; sourceTree = "<group>"; };
		8B869F40CC1C634B6FB9AB6C /* Pods-May The Course Be With You.release.xcconfig */ = {isa = PBXFileReference; includeInIndex = 1; lastKnownFileType = text.xcconfig; name = "Pods-May The Course Be With You.release.xcconfig"; path = "Pods/Target Support Files/Pods-May The Course Be With You/Pods-May The Course Be With You.release.xcconfig"; sourceTree = "<group>"; };
/* End PBXFileReference section */

/* Begin PBXFrameworksBuildPhase section */
		5152A75520963F88001AF884 /* Frameworks */ = {
			isa = PBXFrameworksBuildPhase;
			buildActionMask = 2147483647;
			files = (
				D597E82287638D6208F83366 /* Pods_May_The_Course_Be_With_You.framework in Frameworks */,
			);
			runOnlyForDeploymentPostprocessing = 0;
		};
/* End PBXFrameworksBuildPhase section */

/* Begin PBXGroup section */
		42C2F23DA283AC9DA9CB2EA0 /* Frameworks */ = {
			isa = PBXGroup;
			children = (
				0C194CA578C56B56ED743825 /* Pods_May_The_Course_Be_With_You.framework */,
			);
			name = Frameworks;
			sourceTree = "<group>";
		};
		49554C91DEBF8F352CEDFF1E /* Pods */ = {
			isa = PBXGroup;
			children = (
				77E25692C19AA017937237C2 /* Pods-May The Course Be With You.debug.xcconfig */,
				8B869F40CC1C634B6FB9AB6C /* Pods-May The Course Be With You.release.xcconfig */,
			);
			name = Pods;
			sourceTree = "<group>";
		};
		5152A74F20963F88001AF884 = {
			isa = PBXGroup;
			children = (
				5152A75A20963F88001AF884 /* May The Course Be With You */,
				5152A75920963F88001AF884 /* Products */,
				49554C91DEBF8F352CEDFF1E /* Pods */,
				42C2F23DA283AC9DA9CB2EA0 /* Frameworks */,
			);
			sourceTree = "<group>";
		};
		5152A75920963F88001AF884 /* Products */ = {
			isa = PBXGroup;
			children = (
				5152A75820963F88001AF884 /* May The Course Be With You.app */,
			);
			name = Products;
			sourceTree = "<group>";
		};
		5152A75A20963F88001AF884 /* May The Course Be With You */ = {
			isa = PBXGroup;
			children = (
				5152A75B20963F88001AF884 /* AppDelegate.swift */,
				5152A76D20965321001AF884 /* Course.swift */,
				515D861B2096F2D400895376 /* Photo.swift */,
				515D861D2096F47400895376 /* Photos.swift */,
				5152A75D20963F89001AF884 /* CourseListViewController.swift */,
				5152A76F20965998001AF884 /* CourseDetailViewController.swift */,
				515D861F2096F66300895376 /* CoursePhotosCollectionViewCell.swift */,
				5152A75F20963F89001AF884 /* Main.storyboard */,
				5152A7712096611F001AF884 /* UIView+addBorder.swift */,
				5152A76220963F8B001AF884 /* Assets.xcassets */,
				5152A76420963F8B001AF884 /* LaunchScreen.storyboard */,
				5152A76720963F8B001AF884 /* Info.plist */,
				515D86192096D8DF00895376 /* GoogleService-Info.plist */,
			);
			path = "May The Course Be With You";
			sourceTree = "<group>";
		};
/* End PBXGroup section */

/* Begin PBXNativeTarget section */
		5152A75720963F88001AF884 /* May The Course Be With You */ = {
			isa = PBXNativeTarget;
			buildConfigurationList = 5152A76A20963F8B001AF884 /* Build configuration list for PBXNativeTarget "May The Course Be With You" */;
			buildPhases = (
				BF8CDDA996C00D185A8FBE15 /* [CP] Check Pods Manifest.lock */,
				5152A75420963F88001AF884 /* Sources */,
				5152A75520963F88001AF884 /* Frameworks */,
				5152A75620963F88001AF884 /* Resources */,
				A0E7BA93F38822C0F13C82DE /* [CP] Embed Pods Frameworks */,
				DBE94CA48FC7D44FF2453BCD /* [CP] Copy Pods Resources */,
			);
			buildRules = (
			);
			dependencies = (
			);
			name = "May The Course Be With You";
			productName = "May The Course Be With You";
			productReference = 5152A75820963F88001AF884 /* May The Course Be With You.app */;
			productType = "com.apple.product-type.application";
		};
/* End PBXNativeTarget section */

/* Begin PBXProject section */
		5152A75020963F88001AF884 /* Project object */ = {
			isa = PBXProject;
			attributes = {
				LastSwiftUpdateCheck = 0930;
				LastUpgradeCheck = 0930;
				ORGANIZATIONNAME = "Daniel Kurtyka";
				TargetAttributes = {
					5152A75720963F88001AF884 = {
						CreatedOnToolsVersion = 9.3;
					};
				};
			};
			buildConfigurationList = 5152A75320963F88001AF884 /* Build configuration list for PBXProject "May The Course Be With You" */;
			compatibilityVersion = "Xcode 9.3";
			developmentRegion = en;
			hasScannedForEncodings = 0;
			knownRegions = (
				en,
				Base,
			);
			mainGroup = 5152A74F20963F88001AF884;
			productRefGroup = 5152A75920963F88001AF884 /* Products */;
			projectDirPath = "";
			projectRoot = "";
			targets = (
				5152A75720963F88001AF884 /* May The Course Be With You */,
			);
		};
/* End PBXProject section */

/* Begin PBXResourcesBuildPhase section */
		5152A75620963F88001AF884 /* Resources */ = {
			isa = PBXResourcesBuildPhase;
			buildActionMask = 2147483647;
			files = (
				5152A76620963F8B001AF884 /* LaunchScreen.storyboard in Resources */,
				515D861A2096D8E000895376 /* GoogleService-Info.plist in Resources */,
				5152A76320963F8B001AF884 /* Assets.xcassets in Resources */,
				5152A76120963F89001AF884 /* Main.storyboard in Resources */,
			);
			runOnlyForDeploymentPostprocessing = 0;
		};
/* End PBXResourcesBuildPhase section */

/* Begin PBXShellScriptBuildPhase section */
		A0E7BA93F38822C0F13C82DE /* [CP] Embed Pods Frameworks */ = {
			isa = PBXShellScriptBuildPhase;
			buildActionMask = 2147483647;
			files = (
			);
			inputPaths = (
				"${SRCROOT}/Pods/Target Support Files/Pods-May The Course Be With You/Pods-May The Course Be With You-frameworks.sh",
				"${BUILT_PRODUCTS_DIR}/Bolts/Bolts.framework",
				"${BUILT_PRODUCTS_DIR}/BoringSSL/openssl.framework",
				"${BUILT_PRODUCTS_DIR}/FBSDKCoreKit/FBSDKCoreKit.framework",
				"${BUILT_PRODUCTS_DIR}/FBSDKLoginKit/FBSDKLoginKit.framework",
				"${BUILT_PRODUCTS_DIR}/GTMOAuth2/GTMOAuth2.framework",
				"${BUILT_PRODUCTS_DIR}/GTMSessionFetcher/GTMSessionFetcher.framework",
				"${BUILT_PRODUCTS_DIR}/GoogleToolboxForMac/GoogleToolboxForMac.framework",
				"${BUILT_PRODUCTS_DIR}/Protobuf/Protobuf.framework",
				"${BUILT_PRODUCTS_DIR}/SDWebImage/SDWebImage.framework",
				"${PODS_ROOT}/TwitterCore/iOS/TwitterCore.framework",
				"${PODS_ROOT}/TwitterKit/iOS/TwitterKit.framework",
				"${BUILT_PRODUCTS_DIR}/gRPC/GRPCClient.framework",
				"${BUILT_PRODUCTS_DIR}/gRPC-Core/grpc.framework",
				"${BUILT_PRODUCTS_DIR}/gRPC-ProtoRPC/ProtoRPC.framework",
				"${BUILT_PRODUCTS_DIR}/gRPC-RxLibrary/RxLibrary.framework",
				"${BUILT_PRODUCTS_DIR}/leveldb-library/leveldb.framework",
				"${BUILT_PRODUCTS_DIR}/nanopb/nanopb.framework",
			);
			name = "[CP] Embed Pods Frameworks";
			outputPaths = (
				"${TARGET_BUILD_DIR}/${FRAMEWORKS_FOLDER_PATH}/Bolts.framework",
				"${TARGET_BUILD_DIR}/${FRAMEWORKS_FOLDER_PATH}/openssl.framework",
				"${TARGET_BUILD_DIR}/${FRAMEWORKS_FOLDER_PATH}/FBSDKCoreKit.framework",
				"${TARGET_BUILD_DIR}/${FRAMEWORKS_FOLDER_PATH}/FBSDKLoginKit.framework",
				"${TARGET_BUILD_DIR}/${FRAMEWORKS_FOLDER_PATH}/GTMOAuth2.framework",
				"${TARGET_BUILD_DIR}/${FRAMEWORKS_FOLDER_PATH}/GTMSessionFetcher.framework",
				"${TARGET_BUILD_DIR}/${FRAMEWORKS_FOLDER_PATH}/GoogleToolboxForMac.framework",
				"${TARGET_BUILD_DIR}/${FRAMEWORKS_FOLDER_PATH}/Protobuf.framework",
				"${TARGET_BUILD_DIR}/${FRAMEWORKS_FOLDER_PATH}/SDWebImage.framework",
				"${TARGET_BUILD_DIR}/${FRAMEWORKS_FOLDER_PATH}/TwitterCore.framework",
				"${TARGET_BUILD_DIR}/${FRAMEWORKS_FOLDER_PATH}/TwitterKit.framework",
				"${TARGET_BUILD_DIR}/${FRAMEWORKS_FOLDER_PATH}/GRPCClient.framework",
				"${TARGET_BUILD_DIR}/${FRAMEWORKS_FOLDER_PATH}/grpc.framework",
				"${TARGET_BUILD_DIR}/${FRAMEWORKS_FOLDER_PATH}/ProtoRPC.framework",
				"${TARGET_BUILD_DIR}/${FRAMEWORKS_FOLDER_PATH}/RxLibrary.framework",
				"${TARGET_BUILD_DIR}/${FRAMEWORKS_FOLDER_PATH}/leveldb.framework",
				"${TARGET_BUILD_DIR}/${FRAMEWORKS_FOLDER_PATH}/nanopb.framework",
			);
			runOnlyForDeploymentPostprocessing = 0;
			shellPath = /bin/sh;
			shellScript = "\"${SRCROOT}/Pods/Target Support Files/Pods-May The Course Be With You/Pods-May The Course Be With You-frameworks.sh\"\n";
			showEnvVarsInLog = 0;
		};
		BF8CDDA996C00D185A8FBE15 /* [CP] Check Pods Manifest.lock */ = {
			isa = PBXShellScriptBuildPhase;
			buildActionMask = 2147483647;
			files = (
			);
			inputPaths = (
				"${PODS_PODFILE_DIR_PATH}/Podfile.lock",
				"${PODS_ROOT}/Manifest.lock",
			);
			name = "[CP] Check Pods Manifest.lock";
			outputPaths = (
				"$(DERIVED_FILE_DIR)/Pods-May The Course Be With You-checkManifestLockResult.txt",
			);
			runOnlyForDeploymentPostprocessing = 0;
			shellPath = /bin/sh;
			shellScript = "diff \"${PODS_PODFILE_DIR_PATH}/Podfile.lock\" \"${PODS_ROOT}/Manifest.lock\" > /dev/null\nif [ $? != 0 ] ; then\n    # print error to STDERR\n    echo \"error: The sandbox is not in sync with the Podfile.lock. Run 'pod install' or update your CocoaPods installation.\" >&2\n    exit 1\nfi\n# This output is used by Xcode 'outputs' to avoid re-running this script phase.\necho \"SUCCESS\" > \"${SCRIPT_OUTPUT_FILE_0}\"\n";
			showEnvVarsInLog = 0;
		};
		DBE94CA48FC7D44FF2453BCD /* [CP] Copy Pods Resources */ = {
			isa = PBXShellScriptBuildPhase;
			buildActionMask = 2147483647;
			files = (
			);
			inputPaths = (
				"${SRCROOT}/Pods/Target Support Files/Pods-May The Course Be With You/Pods-May The Course Be With You-resources.sh",
				"${PODS_CONFIGURATION_BUILD_DIR}/FirebaseUI/FirebaseAuthUI.bundle",
				"${PODS_CONFIGURATION_BUILD_DIR}/FirebaseUI/FirebaseFacebookAuthUI.bundle",
				"${PODS_CONFIGURATION_BUILD_DIR}/FirebaseUI/FirebaseGoogleAuthUI.bundle",
				"${PODS_CONFIGURATION_BUILD_DIR}/FirebaseUI/FirebasePhoneAuthUI.bundle",
				"${PODS_CONFIGURATION_BUILD_DIR}/FirebaseUI/FirebaseTwitterAuthUI.bundle",
				"${PODS_ROOT}/GoogleMaps/Maps/Frameworks/GoogleMaps.framework/Resources/GoogleMaps.bundle",
				"${PODS_ROOT}/GooglePlacePicker/Frameworks/GooglePlacePicker.framework/Resources/GooglePlacePicker.bundle",
				"${PODS_ROOT}/GooglePlaces/Frameworks/GooglePlaces.framework/Resources/GooglePlaces.bundle",
				"${PODS_ROOT}/GoogleSignIn/Resources/GoogleSignIn.bundle",
				"${PODS_ROOT}/TwitterKit/iOS/TwitterKit.framework/TwitterKitResources.bundle",
				"${PODS_ROOT}/TwitterKit/iOS/TwitterKit.framework/TwitterShareExtensionUIResources.bundle",
			);
			name = "[CP] Copy Pods Resources";
			outputPaths = (
				"${TARGET_BUILD_DIR}/${UNLOCALIZED_RESOURCES_FOLDER_PATH}/FirebaseAuthUI.bundle",
				"${TARGET_BUILD_DIR}/${UNLOCALIZED_RESOURCES_FOLDER_PATH}/FirebaseFacebookAuthUI.bundle",
				"${TARGET_BUILD_DIR}/${UNLOCALIZED_RESOURCES_FOLDER_PATH}/FirebaseGoogleAuthUI.bundle",
				"${TARGET_BUILD_DIR}/${UNLOCALIZED_RESOURCES_FOLDER_PATH}/FirebasePhoneAuthUI.bundle",
				"${TARGET_BUILD_DIR}/${UNLOCALIZED_RESOURCES_FOLDER_PATH}/FirebaseTwitterAuthUI.bundle",
				"${TARGET_BUILD_DIR}/${UNLOCALIZED_RESOURCES_FOLDER_PATH}/GoogleMaps.bundle",
				"${TARGET_BUILD_DIR}/${UNLOCALIZED_RESOURCES_FOLDER_PATH}/GooglePlacePicker.bundle",
				"${TARGET_BUILD_DIR}/${UNLOCALIZED_RESOURCES_FOLDER_PATH}/GooglePlaces.bundle",
				"${TARGET_BUILD_DIR}/${UNLOCALIZED_RESOURCES_FOLDER_PATH}/GoogleSignIn.bundle",
				"${TARGET_BUILD_DIR}/${UNLOCALIZED_RESOURCES_FOLDER_PATH}/TwitterKitResources.bundle",
				"${TARGET_BUILD_DIR}/${UNLOCALIZED_RESOURCES_FOLDER_PATH}/TwitterShareExtensionUIResources.bundle",
			);
			runOnlyForDeploymentPostprocessing = 0;
			shellPath = /bin/sh;
			shellScript = "\"${SRCROOT}/Pods/Target Support Files/Pods-May The Course Be With You/Pods-May The Course Be With You-resources.sh\"\n";
			showEnvVarsInLog = 0;
		};
/* End PBXShellScriptBuildPhase section */

/* Begin PBXSourcesBuildPhase section */
		5152A75420963F88001AF884 /* Sources */ = {
			isa = PBXSourcesBuildPhase;
			buildActionMask = 2147483647;
			files = (
				515D861C2096F2D400895376 /* Photo.swift in Sources */,
				5152A77020965998001AF884 /* CourseDetailViewController.swift in Sources */,
				5152A76E20965321001AF884 /* Course.swift in Sources */,
				5152A75E20963F89001AF884 /* CourseListViewController.swift in Sources */,
				515D86202096F66300895376 /* CoursePhotosCollectionViewCell.swift in Sources */,
				5152A75C20963F88001AF884 /* AppDelegate.swift in Sources */,
				5152A7722096611F001AF884 /* UIView+addBorder.swift in Sources */,
				515D861E2096F47400895376 /* Photos.swift in Sources */,
			);
			runOnlyForDeploymentPostprocessing = 0;
		};
/* End PBXSourcesBuildPhase section */

/* Begin PBXVariantGroup section */
		5152A75F20963F89001AF884 /* Main.storyboard */ = {
			isa = PBXVariantGroup;
			children = (
				5152A76020963F89001AF884 /* Base */,
			);
			name = Main.storyboard;
			sourceTree = "<group>";
		};
		5152A76420963F8B001AF884 /* LaunchScreen.storyboard */ = {
			isa = PBXVariantGroup;
			children = (
				5152A76520963F8B001AF884 /* Base */,
			);
			name = LaunchScreen.storyboard;
			sourceTree = "<group>";
		};
/* End PBXVariantGroup section */

/* Begin XCBuildConfiguration section */
		5152A76820963F8B001AF884 /* Debug */ = {
			isa = XCBuildConfiguration;
			buildSettings = {
				ALWAYS_SEARCH_USER_PATHS = NO;
				CLANG_ANALYZER_NONNULL = YES;
				CLANG_ANALYZER_NUMBER_OBJECT_CONVERSION = YES_AGGRESSIVE;
				CLANG_CXX_LANGUAGE_STANDARD = "gnu++14";
				CLANG_CXX_LIBRARY = "libc++";
				CLANG_ENABLE_MODULES = YES;
				CLANG_ENABLE_OBJC_ARC = YES;
				CLANG_ENABLE_OBJC_WEAK = YES;
				CLANG_WARN_BLOCK_CAPTURE_AUTORELEASING = YES;
				CLANG_WARN_BOOL_CONVERSION = YES;
				CLANG_WARN_COMMA = YES;
				CLANG_WARN_CONSTANT_CONVERSION = YES;
				CLANG_WARN_DEPRECATED_OBJC_IMPLEMENTATIONS = YES;
				CLANG_WARN_DIRECT_OBJC_ISA_USAGE = YES_ERROR;
				CLANG_WARN_DOCUMENTATION_COMMENTS = YES;
				CLANG_WARN_EMPTY_BODY = YES;
				CLANG_WARN_ENUM_CONVERSION = YES;
				CLANG_WARN_INFINITE_RECURSION = YES;
				CLANG_WARN_INT_CONVERSION = YES;
				CLANG_WARN_NON_LITERAL_NULL_CONVERSION = YES;
				CLANG_WARN_OBJC_IMPLICIT_RETAIN_SELF = YES;
				CLANG_WARN_OBJC_LITERAL_CONVERSION = YES;
				CLANG_WARN_OBJC_ROOT_CLASS = YES_ERROR;
				CLANG_WARN_RANGE_LOOP_ANALYSIS = YES;
				CLANG_WARN_STRICT_PROTOTYPES = YES;
				CLANG_WARN_SUSPICIOUS_MOVE = YES;
				CLANG_WARN_UNGUARDED_AVAILABILITY = YES_AGGRESSIVE;
				CLANG_WARN_UNREACHABLE_CODE = YES;
				CLANG_WARN__DUPLICATE_METHOD_MATCH = YES;
				CODE_SIGN_IDENTITY = "iPhone Developer";
				COPY_PHASE_STRIP = NO;
				DEBUG_INFORMATION_FORMAT = dwarf;
				ENABLE_STRICT_OBJC_MSGSEND = YES;
				ENABLE_TESTABILITY = YES;
				GCC_C_LANGUAGE_STANDARD = gnu11;
				GCC_DYNAMIC_NO_PIC = NO;
				GCC_NO_COMMON_BLOCKS = YES;
				GCC_OPTIMIZATION_LEVEL = 0;
				GCC_PREPROCESSOR_DEFINITIONS = (
					"DEBUG=1",
					"$(inherited)",
				);
				GCC_WARN_64_TO_32_BIT_CONVERSION = YES;
				GCC_WARN_ABOUT_RETURN_TYPE = YES_ERROR;
				GCC_WARN_UNDECLARED_SELECTOR = YES;
				GCC_WARN_UNINITIALIZED_AUTOS = YES_AGGRESSIVE;
				GCC_WARN_UNUSED_FUNCTION = YES;
				GCC_WARN_UNUSED_VARIABLE = YES;
				IPHONEOS_DEPLOYMENT_TARGET = 11.3;
				MTL_ENABLE_DEBUG_INFO = YES;
				ONLY_ACTIVE_ARCH = YES;
				SDKROOT = iphoneos;
				SWIFT_ACTIVE_COMPILATION_CONDITIONS = DEBUG;
				SWIFT_OPTIMIZATION_LEVEL = "-Onone";
			};
			name = Debug;
		};
		5152A76920963F8B001AF884 /* Release */ = {
			isa = XCBuildConfiguration;
			buildSettings = {
				ALWAYS_SEARCH_USER_PATHS = NO;
				CLANG_ANALYZER_NONNULL = YES;
				CLANG_ANALYZER_NUMBER_OBJECT_CONVERSION = YES_AGGRESSIVE;
				CLANG_CXX_LANGUAGE_STANDARD = "gnu++14";
				CLANG_CXX_LIBRARY = "libc++";
				CLANG_ENABLE_MODULES = YES;
				CLANG_ENABLE_OBJC_ARC = YES;
				CLANG_ENABLE_OBJC_WEAK = YES;
				CLANG_WARN_BLOCK_CAPTURE_AUTORELEASING = YES;
				CLANG_WARN_BOOL_CONVERSION = YES;
				CLANG_WARN_COMMA = YES;
				CLANG_WARN_CONSTANT_CONVERSION = YES;
				CLANG_WARN_DEPRECATED_OBJC_IMPLEMENTATIONS = YES;
				CLANG_WARN_DIRECT_OBJC_ISA_USAGE = YES_ERROR;
				CLANG_WARN_DOCUMENTATION_COMMENTS = YES;
				CLANG_WARN_EMPTY_BODY = YES;
				CLANG_WARN_ENUM_CONVERSION = YES;
				CLANG_WARN_INFINITE_RECURSION = YES;
				CLANG_WARN_INT_CONVERSION = YES;
				CLANG_WARN_NON_LITERAL_NULL_CONVERSION = YES;
				CLANG_WARN_OBJC_IMPLICIT_RETAIN_SELF = YES;
				CLANG_WARN_OBJC_LITERAL_CONVERSION = YES;
				CLANG_WARN_OBJC_ROOT_CLASS = YES_ERROR;
				CLANG_WARN_RANGE_LOOP_ANALYSIS = YES;
				CLANG_WARN_STRICT_PROTOTYPES = YES;
				CLANG_WARN_SUSPICIOUS_MOVE = YES;
				CLANG_WARN_UNGUARDED_AVAILABILITY = YES_AGGRESSIVE;
				CLANG_WARN_UNREACHABLE_CODE = YES;
				CLANG_WARN__DUPLICATE_METHOD_MATCH = YES;
				CODE_SIGN_IDENTITY = "iPhone Developer";
				COPY_PHASE_STRIP = NO;
				DEBUG_INFORMATION_FORMAT = "dwarf-with-dsym";
				ENABLE_NS_ASSERTIONS = NO;
				ENABLE_STRICT_OBJC_MSGSEND = YES;
				GCC_C_LANGUAGE_STANDARD = gnu11;
				GCC_NO_COMMON_BLOCKS = YES;
				GCC_WARN_64_TO_32_BIT_CONVERSION = YES;
				GCC_WARN_ABOUT_RETURN_TYPE = YES_ERROR;
				GCC_WARN_UNDECLARED_SELECTOR = YES;
				GCC_WARN_UNINITIALIZED_AUTOS = YES_AGGRESSIVE;
				GCC_WARN_UNUSED_FUNCTION = YES;
				GCC_WARN_UNUSED_VARIABLE = YES;
				IPHONEOS_DEPLOYMENT_TARGET = 11.3;
				MTL_ENABLE_DEBUG_INFO = NO;
				SDKROOT = iphoneos;
				SWIFT_COMPILATION_MODE = wholemodule;
				SWIFT_OPTIMIZATION_LEVEL = "-O";
				VALIDATE_PRODUCT = YES;
			};
			name = Release;
		};
		5152A76B20963F8B001AF884 /* Debug */ = {
			isa = XCBuildConfiguration;
			baseConfigurationReference = 77E25692C19AA017937237C2 /* Pods-May The Course Be With You.debug.xcconfig */;
			buildSettings = {
				ASSETCATALOG_COMPILER_APPICON_NAME = AppIcon;
				CODE_SIGN_STYLE = Automatic;
				DEVELOPMENT_TEAM = 399M4Y2FJ8;
				INFOPLIST_FILE = "May The Course Be With You/Info.plist";
				LD_RUNPATH_SEARCH_PATHS = (
					"$(inherited)",
					"@executable_path/Frameworks",
				);
				PRODUCT_BUNDLE_IDENTIFIER = "com.Kurtyka.May-The-Course-Be-With-You";
				PRODUCT_NAME = "$(TARGET_NAME)";
				SWIFT_VERSION = 4.0;
				TARGETED_DEVICE_FAMILY = "1,2";
			};
			name = Debug;
		};
		5152A76C20963F8B001AF884 /* Release */ = {
			isa = XCBuildConfiguration;
			baseConfigurationReference = 8B869F40CC1C634B6FB9AB6C /* Pods-May The Course Be With You.release.xcconfig */;
			buildSettings = {
				ASSETCATALOG_COMPILER_APPICON_NAME = AppIcon;
				CODE_SIGN_STYLE = Automatic;
				DEVELOPMENT_TEAM = 399M4Y2FJ8;
				INFOPLIST_FILE = "May The Course Be With You/Info.plist";
				LD_RUNPATH_SEARCH_PATHS = (
					"$(inherited)",
					"@executable_path/Frameworks",
				);
				PRODUCT_BUNDLE_IDENTIFIER = "com.Kurtyka.May-The-Course-Be-With-You";
				PRODUCT_NAME = "$(TARGET_NAME)";
				SWIFT_VERSION = 4.0;
				TARGETED_DEVICE_FAMILY = "1,2";
			};
			name = Release;
		};
/* End XCBuildConfiguration section */

/* Begin XCConfigurationList section */
		5152A75320963F88001AF884 /* Build configuration list for PBXProject "May The Course Be With You" */ = {
			isa = XCConfigurationList;
			buildConfigurations = (
				5152A76820963F8B001AF884 /* Debug */,
				5152A76920963F8B001AF884 /* Release */,
			);
			defaultConfigurationIsVisible = 0;
			defaultConfigurationName = Release;
		};
		5152A76A20963F8B001AF884 /* Build configuration list for PBXNativeTarget "May The Course Be With You" */ = {
			isa = XCConfigurationList;
			buildConfigurations = (
				5152A76B20963F8B001AF884 /* Debug */,
				5152A76C20963F8B001AF884 /* Release */,
			);
			defaultConfigurationIsVisible = 0;
			defaultConfigurationName = Release;
		};
/* End XCConfigurationList section */
	};
	rootObject = 5152A75020963F88001AF884 /* Project object */;
}
